
Microsoft Visual Studio Solution File, Format Version 12.00
# Visual Studio Version 17
VisualStudioVersion = 17.4.33603.86
MinimumVisualStudioVersion = 10.0.40219.1
Project("{FAE04EC0-301F-11D3-BF4B-00C04F79EFBC}") = "TodoApi", "TodoApi\TodoApi.csproj", "{EA314CC4-7038-46AC-8BB8-04BA96A1337D}"
EndProject
Global
	GlobalSection(SolutionConfigurationPlatforms) = preSolution
		Debug|Any CPU = Debug|Any CPU
		Release|Any CPU = Release|Any CPU
	EndGlobalSection
	GlobalSection(ProjectConfigurationPlatforms) = postSolution
		{EA314CC4-7038-46AC-8BB8-04BA96A1337D}.Debug|Any CPU.ActiveCfg = Debug|Any CPU
		{EA314CC4-7038-46AC-8BB8-04BA96A1337D}.Debug|Any CPU.Build.0 = Debug|Any CPU
		{EA314CC4-7038-46AC-8BB8-04BA96A1337D}.Release|Any CPU.ActiveCfg = Release|Any CPU
		{EA314CC4-7038-46AC-8BB8-04BA96A1337D}.Release|Any CPU.Build.0 = Release|Any CPU
	EndGlobalSection
	GlobalSection(SolutionProperties) = preSolution
		HideSolutionNode = FALSE
	EndGlobalSection
	GlobalSection(ExtensibilityGlobals) = postSolution
		SolutionGuid = {E23270FC-A3AD-478D-9D65-F382E01E085D}
	EndGlobalSection
EndGlobal
